
Microsoft Visual Studio Solution File, Format Version 12.00
# Visual Studio Version 17
VisualStudioVersion = 17.11.35312.102
MinimumVisualStudioVersion = 10.0.40219.1
Project("{FAE04EC0-301F-11D3-BF4B-00C04F79EFBC}") = "Baitap1", "Baitap1.csproj", "{67978B8F-9258-4A8E-8D12-5ED6848909E5}"
EndProject
Project("{FAE04EC0-301F-11D3-BF4B-00C04F79EFBC}") = "Bt2", "..\Bt2\Bt2.csproj", "{C027FAAA-0343-461B-93A4-9464D7B5FD21}"
EndProject
Project("{FAE04EC0-301F-11D3-BF4B-00C04F79EFBC}") = "bt3", "bt3\bt3.csproj", "{34A6D3D2-31EC-4E22-9DEB-5A6658C16770}"
EndProject
Global
	GlobalSection(SolutionConfigurationPlatforms) = preSolution
		Debug|Any CPU = Debug|Any CPU
		Release|Any CPU = Release|Any CPU
	EndGlobalSection
	GlobalSection(ProjectConfigurationPlatforms) = postSolution
		{67978B8F-9258-4A8E-8D12-5ED6848909E5}.Debug|Any CPU.ActiveCfg = Debug|Any CPU
		{67978B8F-9258-4A8E-8D12-5ED6848909E5}.Debug|Any CPU.Build.0 = Debug|Any CPU
		{67978B8F-9258-4A8E-8D12-5ED6848909E5}.Release|Any CPU.ActiveCfg = Release|Any CPU
		{67978B8F-9258-4A8E-8D12-5ED6848909E5}.Release|Any CPU.Build.0 = Release|Any CPU
		{C027FAAA-0343-461B-93A4-9464D7B5FD21}.Debug|Any CPU.ActiveCfg = Debug|Any CPU
		{C027FAAA-0343-461B-93A4-9464D7B5FD21}.Debug|Any CPU.Build.0 = Debug|Any CPU
		{C027FAAA-0343-461B-93A4-9464D7B5FD21}.Release|Any CPU.ActiveCfg = Release|Any CPU
		{C027FAAA-0343-461B-93A4-9464D7B5FD21}.Release|Any CPU.Build.0 = Release|Any CPU
		{34A6D3D2-31EC-4E22-9DEB-5A6658C16770}.Debug|Any CPU.ActiveCfg = Debug|Any CPU
		{34A6D3D2-31EC-4E22-9DEB-5A6658C16770}.Debug|Any CPU.Build.0 = Debug|Any CPU
		{34A6D3D2-31EC-4E22-9DEB-5A6658C16770}.Release|Any CPU.ActiveCfg = Release|Any CPU
		{34A6D3D2-31EC-4E22-9DEB-5A6658C16770}.Release|Any CPU.Build.0 = Release|Any CPU
	EndGlobalSection
	GlobalSection(SolutionProperties) = preSolution
		HideSolutionNode = FALSE
	EndGlobalSection
	GlobalSection(ExtensibilityGlobals) = postSolution
		SolutionGuid = {FA6DB0C5-E17B-4025-B896-5F8C5D5DEDCB}
	EndGlobalSection
EndGlobal
